
Microsoft Visual Studio Solution File, Format Version 12.00
# Visual Studio Version 16
VisualStudioVersion = 16.0.31424.327
MinimumVisualStudioVersion = 10.0.40219.1
Project("{8BC9CEB8-8B4A-11D0-8D11-00A0C91BC942}") = "Project5", "Project5\Project5.vcxproj", "{E58F0E6C-34D4-4EDB-B7FF-9D4961142D67}"
EndProject
Global
	GlobalSection(SolutionConfigurationPlatforms) = preSolution
		Debug|x64 = Debug|x64
		Debug|x86 = Debug|x86
		Release|x64 = Release|x64
		Release|x86 = Release|x86
	EndGlobalSection
	GlobalSection(ProjectConfigurationPlatforms) = postSolution
		{E58F0E6C-34D4-4EDB-B7FF-9D4961142D67}.Debug|x64.ActiveCfg = Debug|x64
		{E58F0E6C-34D4-4EDB-B7FF-9D4961142D67}.Debug|x64.Build.0 = Debug|x64
		{E58F0E6C-34D4-4EDB-B7FF-9D4961142D67}.Debug|x86.ActiveCfg = Debug|Win32
		{E58F0E6C-34D4-4EDB-B7FF-9D4961142D67}.Debug|x86.Build.0 = Debug|Win32
		{E58F0E6C-34D4-4EDB-B7FF-9D4961142D67}.Release|x64.ActiveCfg = Release|x64
		{E58F0E6C-34D4-4EDB-B7FF-9D4961142D67}.Release|x64.Build.0 = Release|x64
		{E58F0E6C-34D4-4EDB-B7FF-9D4961142D67}.Release|x86.ActiveCfg = Release|Win32
		{E58F0E6C-34D4-4EDB-B7FF-9D4961142D67}.Release|x86.Build.0 = Release|Win32
	EndGlobalSection
	GlobalSection(SolutionProperties) = preSolution
		HideSolutionNode = FALSE
	EndGlobalSection
	GlobalSection(ExtensibilityGlobals) = postSolution
		SolutionGuid = {3E94423A-70B0-411F-8EFE-3BAEB1F04D94}
	EndGlobalSection
EndGlobal
